// !$*UTF8*$!
{
	archiveVersion = 1;
	classes = {
	};
	objectVersion = 50;
	objects = {

/* Begin PBXBuildFile section */
		13AF66CC2576CA61008A9475 /* AppDelegate.swift in Sources */ = {isa = PBXBuildFile; fileRef = 13AF66CB2576CA61008A9475 /* AppDelegate.swift */; };
		13AF66CE2576CA61008A9475 /* SceneDelegate.swift in Sources */ = {isa = PBXBuildFile; fileRef = 13AF66CD2576CA61008A9475 /* SceneDelegate.swift */; };
		13AF66D02576CA61008A9475 /* ViewController.swift in Sources */ = {isa = PBXBuildFile; fileRef = 13AF66CF2576CA61008A9475 /* ViewController.swift */; };
		13AF66D32576CA61008A9475 /* Main.storyboard in Resources */ = {isa = PBXBuildFile; fileRef = 13AF66D12576CA61008A9475 /* Main.storyboard */; };
		13AF66D52576CA63008A9475 /* Assets.xcassets in Resources */ = {isa = PBXBuildFile; fileRef = 13AF66D42576CA63008A9475 /* Assets.xcassets */; };
		13AF66D82576CA63008A9475 /* LaunchScreen.storyboard in Resources */ = {isa = PBXBuildFile; fileRef = 13AF66D62576CA63008A9475 /* LaunchScreen.storyboard */; };
/* End PBXBuildFile section */

/* Begin PBXFileReference section */
		13AF66C82576CA61008A9475 /* StoriesNavigationPt2.app */ = {isa = PBXFileReference; explicitFileType = wrapper.application; includeInIndex = 0; path = StoriesNavigationPt2.app; sourceTree = BUILT_PRODUCTS_DIR; };
		13AF66CB2576CA61008A9475 /* AppDelegate.swift */ = {isa = PBXFileReference; lastKnownFileType = sourcecode.swift; path = AppDelegate.swift; sourceTree = "<group>"; };
		13AF66CD2576CA61008A9475 /* SceneDelegate.swift */ = {isa = PBXFileReference; lastKnownFileType = sourcecode.swift; path = SceneDelegate.swift; sourceTree = "<group>"; };
		13AF66CF2576CA61008A9475 /* ViewController.swift */ = {isa = PBXFileReference; lastKnownFileType = sourcecode.swift; path = ViewController.swift; sourceTree = "<group>"; };
		13AF66D22576CA61008A9475 /* Base */ = {isa = PBXFileReference; lastKnownFileType = file.storyboard; name = Base; path = Base.lproj/Main.storyboard; sourceTree = "<group>"; };
		13AF66D42576CA63008A9475 /* Assets.xcassets */ = {isa = PBXFileReference; lastKnownFileType = folder.assetcatalog; path = Assets.xcassets; sourceTree = "<group>"; };
		13AF66D72576CA63008A9475 /* Base */ = {isa = PBXFileReference; lastKnownFileType = file.storyboard; name = Base; path = Base.lproj/LaunchScreen.storyboard; sourceTree = "<group>"; };
		13AF66D92576CA63008A9475 /* Info.plist */ = {isa = PBXFileReference; lastKnownFileType = text.plist.xml; path = Info.plist; sourceTree = "<group>"; };
/* End PBXFileReference section */

/* Begin PBXFrameworksBuildPhase section */
		13AF66C52576CA61008A9475 /* Frameworks */ = {
			isa = PBXFrameworksBuildPhase;
			buildActionMask = 2147483647;
			files = (
			);
			runOnlyForDeploymentPostprocessing = 0;
		};
/* End PBXFrameworksBuildPhase section */

/* Begin PBXGroup section */
		13AF66BF2576CA61008A9475 = {
			isa = PBXGroup;
			children = (
				13AF66CA2576CA61008A9475 /* StoriesNavigationPt2 */,
				13AF66C92576CA61008A9475 /* Products */,
			);
			sourceTree = "<group>";
		};
		13AF66C92576CA61008A9475 /* Products */ = {
			isa = PBXGroup;
			children = (
				13AF66C82576CA61008A9475 /* StoriesNavigationPt2.app */,
			);
			name = Products;
			sourceTree = "<group>";
		};
		13AF66CA2576CA61008A9475 /* StoriesNavigationPt2 */ = {
			isa = PBXGroup;
			children = (
				13AF66CB2576CA61008A9475 /* AppDelegate.swift */,
				13AF66CD2576CA61008A9475 /* SceneDelegate.swift */,
				13AF66CF2576CA61008A9475 /* ViewController.swift */,
				13AF66D12576CA61008A9475 /* Main.storyboard */,
				13AF66D42576CA63008A9475 /* Assets.xcassets */,
				13AF66D62576CA63008A9475 /* LaunchScreen.storyboard */,
				13AF66D92576CA63008A9475 /* Info.plist */,
			);
			path = StoriesNavigationPt2;
			sourceTree = "<group>";
		};
/* End PBXGroup section */

/* Begin PBXNativeTarget section */
		13AF66C72576CA61008A9475 /* StoriesNavigationPt2 */ = {
			isa = PBXNativeTarget;
			buildConfigurationList = 13AF66DC2576CA63008A9475 /* Build configuration list for PBXNativeTarget "StoriesNavigationPt2" */;
			buildPhases = (
				13AF66C42576CA61008A9475 /* Sources */,
				13AF66C52576CA61008A9475 /* Frameworks */,
				13AF66C62576CA61008A9475 /* Resources */,
			);
			buildRules = (
			);
			dependencies = (
			);
			name = StoriesNavigationPt2;
			productName = StoriesNavigationPt2;
			productReference = 13AF66C82576CA61008A9475 /* StoriesNavigationPt2.app */;
			productType = "com.apple.product-type.application";
		};
/* End PBXNativeTarget section */

/* Begin PBXProject section */
		13AF66C02576CA61008A9475 /* Project object */ = {
			isa = PBXProject;
			attributes = {
				LastSwiftUpdateCheck = 1220;
				LastUpgradeCheck = 1220;
				TargetAttributes = {
					13AF66C72576CA61008A9475 = {
						CreatedOnToolsVersion = 12.2;
					};
				};
			};
			buildConfigurationList = 13AF66C32576CA61008A9475 /* Build configuration list for PBXProject "StoriesNavigationPt2" */;
			compatibilityVersion = "Xcode 9.3";
			developmentRegion = en;
			hasScannedForEncodings = 0;
			knownRegions = (
				en,
				Base,
			);
			mainGroup = 13AF66BF2576CA61008A9475;
			productRefGroup = 13AF66C92576CA61008A9475 /* Products */;
			projectDirPath = "";
			projectRoot = "";
			targets = (
				13AF66C72576CA61008A9475 /* StoriesNavigationPt2 */,
			);
		};
/* End PBXProject section */

/* Begin PBXResourcesBuildPhase section */
		13AF66C62576CA61008A9475 /* Resources */ = {
			isa = PBXResourcesBuildPhase;
			buildActionMask = 2147483647;
			files = (
				13AF66D82576CA63008A9475 /* LaunchScreen.storyboard in Resources */,
				13AF66D52576CA63008A9475 /* Assets.xcassets in Resources */,
				13AF66D32576CA61008A9475 /* Main.storyboard in Resources */,
			);
			runOnlyForDeploymentPostprocessing = 0;
		};
/* End PBXResourcesBuildPhase section */

/* Begin PBXSourcesBuildPhase section */
		13AF66C42576CA61008A9475 /* Sources */ = {
			isa = PBXSourcesBuildPhase;
			buildActionMask = 2147483647;
			files = (
				13AF66D02576CA61008A9475 /* ViewController.swift in Sources */,
				13AF66CC2576CA61008A9475 /* AppDelegate.swift in Sources */,
				13AF66CE2576CA61008A9475 /* SceneDelegate.swift in Sources */,
			);
			runOnlyForDeploymentPostprocessing = 0;
		};
/* End PBXSourcesBuildPhase section */

/* Begin PBXVariantGroup section */
		13AF66D12576CA61008A9475 /* Main.storyboard */ = {
			isa = PBXVariantGroup;
			children = (
				13AF66D22576CA61008A9475 /* Base */,
			);
			name = Main.storyboard;
			sourceTree = "<group>";
		};
		13AF66D62576CA63008A9475 /* LaunchScreen.storyboard */ = {
			isa = PBXVariantGroup;
			children = (
				13AF66D72576CA63008A9475 /* Base */,
			);
			name = LaunchScreen.storyboard;
			sourceTree = "<group>";
		};
/* End PBXVariantGroup section */

/* Begin XCBuildConfiguration section */
		13AF66DA2576CA63008A9475 /* Debug */ = {
			isa = XCBuildConfiguration;
			buildSettings = {
				ALWAYS_SEARCH_USER_PATHS = NO;
				CLANG_ANALYZER_NONNULL = YES;
				CLANG_ANALYZER_NUMBER_OBJECT_CONVERSION = YES_AGGRESSIVE;
				CLANG_CXX_LANGUAGE_STANDARD = "gnu++14";
				CLANG_CXX_LIBRARY = "libc++";
				CLANG_ENABLE_MODULES = YES;
				CLANG_ENABLE_OBJC_ARC = YES;
				CLANG_ENABLE_OBJC_WEAK = YES;
				CLANG_WARN_BLOCK_CAPTURE_AUTORELEASING = YES;
				CLANG_WARN_BOOL_CONVERSION = YES;
				CLANG_WARN_COMMA = YES;
				CLANG_WARN_CONSTANT_CONVERSION = YES;
				CLANG_WARN_DEPRECATED_OBJC_IMPLEMENTATIONS = YES;
				CLANG_WARN_DIRECT_OBJC_ISA_USAGE = YES_ERROR;
				CLANG_WARN_DOCUMENTATION_COMMENTS = YES;
				CLANG_WARN_EMPTY_BODY = YES;
				CLANG_WARN_ENUM_CONVERSION = YES;
				CLANG_WARN_INFINITE_RECURSION = YES;
				CLANG_WARN_INT_CONVERSION = YES;
				CLANG_WARN_NON_LITERAL_NULL_CONVERSION = YES;
				CLANG_WARN_OBJC_IMPLICIT_RETAIN_SELF = YES;
				CLANG_WARN_OBJC_LITERAL_CONVERSION = YES;
				CLANG_WARN_OBJC_ROOT_CLASS = YES_ERROR;
				CLANG_WARN_QUOTED_INCLUDE_IN_FRAMEWORK_HEADER = YES;
				CLANG_WARN_RANGE_LOOP_ANALYSIS = YES;
				CLANG_WARN_STRICT_PROTOTYPES = YES;
				CLANG_WARN_SUSPICIOUS_MOVE = YES;
				CLANG_WARN_UNGUARDED_AVAILABILITY = YES_AGGRESSIVE;
				CLANG_WARN_UNREACHABLE_CODE = YES;
				CLANG_WARN__DUPLICATE_METHOD_MATCH = YES;
				COPY_PHASE_STRIP = NO;
				DEBUG_INFORMATION_FORMAT = dwarf;
				ENABLE_STRICT_OBJC_MSGSEND = YES;
				ENABLE_TESTABILITY = YES;
				GCC_C_LANGUAGE_STANDARD = gnu11;
				GCC_DYNAMIC_NO_PIC = NO;
				GCC_NO_COMMON_BLOCKS = YES;
				GCC_OPTIMIZATION_LEVEL = 0;
				GCC_PREPROCESSOR_DEFINITIONS = (
					"DEBUG=1",
					"$(inherited)",
				);
				GCC_WARN_64_TO_32_BIT_CONVERSION = YES;
				GCC_WARN_ABOUT_RETURN_TYPE = YES_ERROR;
				GCC_WARN_UNDECLARED_SELECTOR = YES;
				GCC_WARN_UNINITIALIZED_AUTOS = YES_AGGRESSIVE;
				GCC_WARN_UNUSED_FUNCTION = YES;
				GCC_WARN_UNUSED_VARIABLE = YES;
				IPHONEOS_DEPLOYMENT_TARGET = 14.2;
				MTL_ENABLE_DEBUG_INFO = INCLUDE_SOURCE;
				MTL_FAST_MATH = YES;
				ONLY_ACTIVE_ARCH = YES;
				SDKROOT = iphoneos;
				SWIFT_ACTIVE_COMPILATION_CONDITIONS = DEBUG;
				SWIFT_OPTIMIZATION_LEVEL = "-Onone";
			};
			name = Debug;
		};
		13AF66DB2576CA63008A9475 /* Release */ = {
			isa = XCBuildConfiguration;
			buildSettings = {
				ALWAYS_SEARCH_USER_PATHS = NO;
				CLANG_ANALYZER_NONNULL = YES;
				CLANG_ANALYZER_NUMBER_OBJECT_CONVERSION = YES_AGGRESSIVE;
				CLANG_CXX_LANGUAGE_STANDARD = "gnu++14";
				CLANG_CXX_LIBRARY = "libc++";
				CLANG_ENABLE_MODULES = YES;
				CLANG_ENABLE_OBJC_ARC = YES;
				CLANG_ENABLE_OBJC_WEAK = YES;
				CLANG_WARN_BLOCK_CAPTURE_AUTORELEASING = YES;
				CLANG_WARN_BOOL_CONVERSION = YES;
				CLANG_WARN_COMMA = YES;
				CLANG_WARN_CONSTANT_CONVERSION = YES;
				CLANG_WARN_DEPRECATED_OBJC_IMPLEMENTATIONS = YES;
				CLANG_WARN_DIRECT_OBJC_ISA_USAGE = YES_ERROR;
				CLANG_WARN_DOCUMENTATION_COMMENTS = YES;
				CLANG_WARN_EMPTY_BODY = YES;
				CLANG_WARN_ENUM_CONVERSION = YES;
				CLANG_WARN_INFINITE_RECURSION = YES;
				CLANG_WARN_INT_CONVERSION = YES;
				CLANG_WARN_NON_LITERAL_NULL_CONVERSION = YES;
				CLANG_WARN_OBJC_IMPLICIT_RETAIN_SELF = YES;
				CLANG_WARN_OBJC_LITERAL_CONVERSION = YES;
				CLANG_WARN_OBJC_ROOT_CLASS = YES_ERROR;
				CLANG_WARN_QUOTED_INCLUDE_IN_FRAMEWORK_HEADER = YES;
				CLANG_WARN_RANGE_LOOP_ANALYSIS = YES;
				CLANG_WARN_STRICT_PROTOTYPES = YES;
				CLANG_WARN_SUSPICIOUS_MOVE = YES;
				CLANG_WARN_UNGUARDED_AVAILABILITY = YES_AGGRESSIVE;
				CLANG_WARN_UNREACHABLE_CODE = YES;
				CLANG_WARN__DUPLICATE_METHOD_MATCH = YES;
				COPY_PHASE_STRIP = NO;
				DEBUG_INFORMATION_FORMAT = "dwarf-with-dsym";
				ENABLE_NS_ASSERTIONS = NO;
				ENABLE_STRICT_OBJC_MSGSEND = YES;
				GCC_C_LANGUAGE_STANDARD = gnu11;
				GCC_NO_COMMON_BLOCKS = YES;
				GCC_WARN_64_TO_32_BIT_CONVERSION = YES;
				GCC_WARN_ABOUT_RETURN_TYPE = YES_ERROR;
				GCC_WARN_UNDECLARED_SELECTOR = YES;
				GCC_WARN_UNINITIALIZED_AUTOS = YES_AGGRESSIVE;
				GCC_WARN_UNUSED_FUNCTION = YES;
				GCC_WARN_UNUSED_VARIABLE = YES;
				IPHONEOS_DEPLOYMENT_TARGET = 14.2;
				MTL_ENABLE_DEBUG_INFO = NO;
				MTL_FAST_MATH = YES;
				SDKROOT = iphoneos;
				SWIFT_COMPILATION_MODE = wholemodule;
				SWIFT_OPTIMIZATION_LEVEL = "-O";
				VALIDATE_PRODUCT = YES;
			};
			name = Release;
		};
		13AF66DD2576CA63008A9475 /* Debug */ = {
			isa = XCBuildConfiguration;
			buildSettings = {
				ASSETCATALOG_COMPILER_APPICON_NAME = AppIcon;
				ASSETCATALOG_COMPILER_GLOBAL_ACCENT_COLOR_NAME = AccentColor;
				CODE_SIGN_STYLE = Automatic;
				DEVELOPMENT_TEAM = W2H48J22L4;
				INFOPLIST_FILE = StoriesNavigationPt2/Info.plist;
				LD_RUNPATH_SEARCH_PATHS = (
					"$(inherited)",
					"@executable_path/Frameworks",
				);
				PRODUCT_BUNDLE_IDENTIFIER = SemyonCompany.StoriesNavigationPt2;
				PRODUCT_NAME = "$(TARGET_NAME)";
				SWIFT_VERSION = 5.0;
				TARGETED_DEVICE_FAMILY = "1,2";
			};
			name = Debug;
		};
		13AF66DE2576CA63008A9475 /* Release */ = {
			isa = XCBuildConfiguration;
			buildSettings = {
				ASSETCATALOG_COMPILER_APPICON_NAME = AppIcon;
				ASSETCATALOG_COMPILER_GLOBAL_ACCENT_COLOR_NAME = AccentColor;
				CODE_SIGN_STYLE = Automatic;
				DEVELOPMENT_TEAM = W2H48J22L4;
				INFOPLIST_FILE = StoriesNavigationPt2/Info.plist;
				LD_RUNPATH_SEARCH_PATHS = (
					"$(inherited)",
					"@executable_path/Frameworks",
				);
				PRODUCT_BUNDLE_IDENTIFIER = SemyonCompany.StoriesNavigationPt2;
				PRODUCT_NAME = "$(TARGET_NAME)";
				SWIFT_VERSION = 5.0;
				TARGETED_DEVICE_FAMILY = "1,2";
			};
			name = Release;
		};
/* End XCBuildConfiguration section */

/* Begin XCConfigurationList section */
		13AF66C32576CA61008A9475 /* Build configuration list for PBXProject "StoriesNavigationPt2" */ = {
			isa = XCConfigurationList;
			buildConfigurations = (
				13AF66DA2576CA63008A9475 /* Debug */,
				13AF66DB2576CA63008A9475 /* Release */,
			);
			defaultConfigurationIsVisible = 0;
			defaultConfigurationName = Release;
		};
		13AF66DC2576CA63008A9475 /* Build configuration list for PBXNativeTarget "StoriesNavigationPt2" */ = {
			isa = XCConfigurationList;
			buildConfigurations = (
				13AF66DD2576CA63008A9475 /* Debug */,
				13AF66DE2576CA63008A9475 /* Release */,
			);
			defaultConfigurationIsVisible = 0;
			defaultConfigurationName = Release;
		};
/* End XCConfigurationList section */
	};
	rootObject = 13AF66C02576CA61008A9475 /* Project object */;
}
